{
    "name": "gsap-test",
    "version": "1.0.0",
    "lockfileVersion": 2,
    "requires": true,
    "packages": {
        "": {
            "name": "gsap-test",
            "version": "1.0.0",
            "license": "ISC",
            "dependencies": {
                "animejs": "^3.2.1",
                "gsap": "^3.11.5",
                "svg-path-properties": "^1.1.0"
            }
        },
        "node_modules/animejs": {
            "version": "3.2.1",
            "resolved": "https://registry.npmjs.org/animejs/-/animejs-3.2.1.tgz",
            "integrity": "sha512-sWno3ugFryK5nhiDm/2BKeFCpZv7vzerWUcUPyAZLDhMek3+S/p418ldZJbJXo5ZUOpfm2kP2XRO4NJcULMy9A=="
        },
        "node_modules/gsap": {
            "version": "3.11.5",
            "resolved": "https://registry.npmjs.org/gsap/-/gsap-3.11.5.tgz",
            "integrity": "sha512-Q89nKCLgoX5xUjznh9LcaIUkz54k1voNucT1Rpf9SJNFIQznBwFqt5qUUQbeVInFyN/n18OUJkpeI6CNEDt74w=="
        },
        "node_modules/svg-path-properties": {
            "version": "1.1.0",
            "resolved": "https://registry.npmjs.org/svg-path-properties/-/svg-path-properties-1.1.0.tgz",
            "integrity": "sha512-su+RztvMASBU4nsJ09F2Njcp5jOUY5SoRJmK5LUbVgFB4Ul12MyscWgCmyQ1frXSj8IEjapExbXDo4wjKKCbIg=="
        }
    },
    "dependencies": {
        "animejs": {
            "version": "3.2.1",
            "resolved": "https://registry.npmjs.org/animejs/-/animejs-3.2.1.tgz",
            "integrity": "sha512-sWno3ugFryK5nhiDm/2BKeFCpZv7vzerWUcUPyAZLDhMek3+S/p418ldZJbJXo5ZUOpfm2kP2XRO4NJcULMy9A=="
        },
        "gsap": {
            "version": "3.11.5",
            "resolved": "https://registry.npmjs.org/gsap/-/gsap-3.11.5.tgz",
            "integrity": "sha512-Q89nKCLgoX5xUjznh9LcaIUkz54k1voNucT1Rpf9SJNFIQznBwFqt5qUUQbeVInFyN/n18OUJkpeI6CNEDt74w=="
        },
        "svg-path-properties": {
            "version": "1.1.0",
            "resolved": "https://registry.npmjs.org/svg-path-properties/-/svg-path-properties-1.1.0.tgz",
            "integrity": "sha512-su+RztvMASBU4nsJ09F2Njcp5jOUY5SoRJmK5LUbVgFB4Ul12MyscWgCmyQ1frXSj8IEjapExbXDo4wjKKCbIg=="
        }
    }
}
